// !$*UTF8*$!
{
	archiveVersion = 1;
	classes = {
	};
	objectVersion = 46;
	objects = {

/* Begin PBXBuildFile section */
		B22AAC371828B02B00772FDD /* Foundation.framework in Frameworks */ = {isa = PBXBuildFile; fileRef = B22AAC361828B02B00772FDD /* Foundation.framework */; };
		B22AAC3C1828B02B00772FDD /* AHAL.h in CopyFiles */ = {isa = PBXBuildFile; fileRef = B22AAC3B1828B02B00772FDD /* AHAL.h */; };
		B22AAC3E1828B02B00772FDD /* AHAL.m in Sources */ = {isa = PBXBuildFile; fileRef = B22AAC3D1828B02B00772FDD /* AHAL.m */; };
		B22AAC461828B02B00772FDD /* SenTestingKit.framework in Frameworks */ = {isa = PBXBuildFile; fileRef = B22AAC451828B02B00772FDD /* SenTestingKit.framework */; };
		B22AAC481828B02B00772FDD /* UIKit.framework in Frameworks */ = {isa = PBXBuildFile; fileRef = B22AAC471828B02B00772FDD /* UIKit.framework */; };
		B22AAC491828B02B00772FDD /* Foundation.framework in Frameworks */ = {isa = PBXBuildFile; fileRef = B22AAC361828B02B00772FDD /* Foundation.framework */; };
		B22AAC4C1828B02B00772FDD /* libAHAL.a in Frameworks */ = {isa = PBXBuildFile; fileRef = B22AAC331828B02B00772FDD /* libAHAL.a */; };
		B22AAC521828B02B00772FDD /* InfoPlist.strings in Resources */ = {isa = PBXBuildFile; fileRef = B22AAC501828B02B00772FDD /* InfoPlist.strings */; };
		B22AAC551828B02B00772FDD /* AHALTests.m in Sources */ = {isa = PBXBuildFile; fileRef = B22AAC541828B02B00772FDD /* AHALTests.m */; };
/* End PBXBuildFile section */

/* Begin PBXContainerItemProxy section */
		B22AAC4A1828B02B00772FDD /* PBXContainerItemProxy */ = {
			isa = PBXContainerItemProxy;
			containerPortal = B22AAC2B1828B02B00772FDD /* Project object */;
			proxyType = 1;
			remoteGlobalIDString = B22AAC321828B02B00772FDD;
			remoteInfo = AHAL;
		};
/* End PBXContainerItemProxy section */

/* Begin PBXCopyFilesBuildPhase section */
		B22AAC311828B02B00772FDD /* CopyFiles */ = {
			isa = PBXCopyFilesBuildPhase;
			buildActionMask = 2147483647;
			dstPath = "include/${PRODUCT_NAME}";
			dstSubfolderSpec = 16;
			files = (
				B22AAC3C1828B02B00772FDD /* AHAL.h in CopyFiles */,
			);
			runOnlyForDeploymentPostprocessing = 0;
		};
/* End PBXCopyFilesBuildPhase section */

/* Begin PBXFileReference section */
		B22AAC331828B02B00772FDD /* libAHAL.a */ = {isa = PBXFileReference; explicitFileType = archive.ar; includeInIndex = 0; path = libAHAL.a; sourceTree = BUILT_PRODUCTS_DIR; };
		B22AAC361828B02B00772FDD /* Foundation.framework */ = {isa = PBXFileReference; lastKnownFileType = wrapper.framework; name = Foundation.framework; path = System/Library/Frameworks/Foundation.framework; sourceTree = SDKROOT; };
		B22AAC3A1828B02B00772FDD /* AHAL-Prefix.pch */ = {isa = PBXFileReference; lastKnownFileType = sourcecode.c.h; path = "AHAL-Prefix.pch"; sourceTree = "<group>"; };
		B22AAC3B1828B02B00772FDD /* AHAL.h */ = {isa = PBXFileReference; lastKnownFileType = sourcecode.c.h; path = AHAL.h; sourceTree = "<group>"; };
		B22AAC3D1828B02B00772FDD /* AHAL.m */ = {isa = PBXFileReference; lastKnownFileType = sourcecode.c.objc; path = AHAL.m; sourceTree = "<group>"; };
		B22AAC441828B02B00772FDD /* AHALTests.octest */ = {isa = PBXFileReference; explicitFileType = wrapper.cfbundle; includeInIndex = 0; path = AHALTests.octest; sourceTree = BUILT_PRODUCTS_DIR; };
		B22AAC451828B02B00772FDD /* SenTestingKit.framework */ = {isa = PBXFileReference; lastKnownFileType = wrapper.framework; name = SenTestingKit.framework; path = Library/Frameworks/SenTestingKit.framework; sourceTree = DEVELOPER_DIR; };
		B22AAC471828B02B00772FDD /* UIKit.framework */ = {isa = PBXFileReference; lastKnownFileType = wrapper.framework; name = UIKit.framework; path = Library/Frameworks/UIKit.framework; sourceTree = DEVELOPER_DIR; };
		B22AAC4F1828B02B00772FDD /* AHALTests-Info.plist */ = {isa = PBXFileReference; lastKnownFileType = text.plist.xml; path = "AHALTests-Info.plist"; sourceTree = "<group>"; };
		B22AAC511828B02B00772FDD /* en */ = {isa = PBXFileReference; lastKnownFileType = text.plist.strings; name = en; path = en.lproj/InfoPlist.strings; sourceTree = "<group>"; };
		B22AAC531828B02B00772FDD /* AHALTests.h */ = {isa = PBXFileReference; lastKnownFileType = sourcecode.c.h; path = AHALTests.h; sourceTree = "<group>"; };
		B22AAC541828B02B00772FDD /* AHALTests.m */ = {isa = PBXFileReference; lastKnownFileType = sourcecode.c.objc; path = AHALTests.m; sourceTree = "<group>"; };
/* End PBXFileReference section */

/* Begin PBXFrameworksBuildPhase section */
		B22AAC301828B02B00772FDD /* Frameworks */ = {
			isa = PBXFrameworksBuildPhase;
			buildActionMask = 2147483647;
			files = (
				B22AAC371828B02B00772FDD /* Foundation.framework in Frameworks */,
			);
			runOnlyForDeploymentPostprocessing = 0;
		};
		B22AAC401828B02B00772FDD /* Frameworks */ = {
			isa = PBXFrameworksBuildPhase;
			buildActionMask = 2147483647;
			files = (
				B22AAC461828B02B00772FDD /* SenTestingKit.framework in Frameworks */,
				B22AAC481828B02B00772FDD /* UIKit.framework in Frameworks */,
				B22AAC491828B02B00772FDD /* Foundation.framework in Frameworks */,
				B22AAC4C1828B02B00772FDD /* libAHAL.a in Frameworks */,
			);
			runOnlyForDeploymentPostprocessing = 0;
		};
/* End PBXFrameworksBuildPhase section */

/* Begin PBXGroup section */
		B22AAC2A1828B02B00772FDD = {
			isa = PBXGroup;
			children = (
				B22AAC381828B02B00772FDD /* AHAL */,
				B22AAC4D1828B02B00772FDD /* AHALTests */,
				B22AAC351828B02B00772FDD /* Frameworks */,
				B22AAC341828B02B00772FDD /* Products */,
			);
			sourceTree = "<group>";
		};
		B22AAC341828B02B00772FDD /* Products */ = {
			isa = PBXGroup;
			children = (
				B22AAC331828B02B00772FDD /* libAHAL.a */,
				B22AAC441828B02B00772FDD /* AHALTests.octest */,
			);
			name = Products;
			sourceTree = "<group>";
		};
		B22AAC351828B02B00772FDD /* Frameworks */ = {
			isa = PBXGroup;
			children = (
				B22AAC361828B02B00772FDD /* Foundation.framework */,
				B22AAC451828B02B00772FDD /* SenTestingKit.framework */,
				B22AAC471828B02B00772FDD /* UIKit.framework */,
			);
			name = Frameworks;
			sourceTree = "<group>";
		};
		B22AAC381828B02B00772FDD /* AHAL */ = {
			isa = PBXGroup;
			children = (
				B22AAC3B1828B02B00772FDD /* AHAL.h */,
				B22AAC3D1828B02B00772FDD /* AHAL.m */,
				B22AAC391828B02B00772FDD /* Supporting Files */,
			);
			path = AHAL;
			sourceTree = "<group>";
		};
		B22AAC391828B02B00772FDD /* Supporting Files */ = {
			isa = PBXGroup;
			children = (
				B22AAC3A1828B02B00772FDD /* AHAL-Prefix.pch */,
			);
			name = "Supporting Files";
			sourceTree = "<group>";
		};
		B22AAC4D1828B02B00772FDD /* AHALTests */ = {
			isa = PBXGroup;
			children = (
				B22AAC531828B02B00772FDD /* AHALTests.h */,
				B22AAC541828B02B00772FDD /* AHALTests.m */,
				B22AAC4E1828B02B00772FDD /* Supporting Files */,
			);
			path = AHALTests;
			sourceTree = "<group>";
		};
		B22AAC4E1828B02B00772FDD /* Supporting Files */ = {
			isa = PBXGroup;
			children = (
				B22AAC4F1828B02B00772FDD /* AHALTests-Info.plist */,
				B22AAC501828B02B00772FDD /* InfoPlist.strings */,
			);
			name = "Supporting Files";
			sourceTree = "<group>";
		};
/* End PBXGroup section */

/* Begin PBXNativeTarget section */
		B22AAC321828B02B00772FDD /* AHAL */ = {
			isa = PBXNativeTarget;
			buildConfigurationList = B22AAC581828B02B00772FDD /* Build configuration list for PBXNativeTarget "AHAL" */;
			buildPhases = (
				B22AAC2F1828B02B00772FDD /* Sources */,
				B22AAC301828B02B00772FDD /* Frameworks */,
				B22AAC311828B02B00772FDD /* CopyFiles */,
			);
			buildRules = (
			);
			dependencies = (
			);
			name = AHAL;
			productName = AHAL;
			productReference = B22AAC331828B02B00772FDD /* libAHAL.a */;
			productType = "com.apple.product-type.library.static";
		};
		B22AAC431828B02B00772FDD /* AHALTests */ = {
			isa = PBXNativeTarget;
			buildConfigurationList = B22AAC5B1828B02B00772FDD /* Build configuration list for PBXNativeTarget "AHALTests" */;
			buildPhases = (
				B22AAC3F1828B02B00772FDD /* Sources */,
				B22AAC401828B02B00772FDD /* Frameworks */,
				B22AAC411828B02B00772FDD /* Resources */,
				B22AAC421828B02B00772FDD /* ShellScript */,
			);
			buildRules = (
			);
			dependencies = (
				B22AAC4B1828B02B00772FDD /* PBXTargetDependency */,
			);
			name = AHALTests;
			productName = AHALTests;
			productReference = B22AAC441828B02B00772FDD /* AHALTests.octest */;
			productType = "com.apple.product-type.bundle";
		};
/* End PBXNativeTarget section */

/* Begin PBXProject section */
		B22AAC2B1828B02B00772FDD /* Project object */ = {
			isa = PBXProject;
			attributes = {
				LastUpgradeCheck = 0460;
				ORGANIZATIONNAME = "Alex Haefner";
			};
			buildConfigurationList = B22AAC2E1828B02B00772FDD /* Build configuration list for PBXProject "AHAL" */;
			compatibilityVersion = "Xcode 3.2";
			developmentRegion = English;
			hasScannedForEncodings = 0;
			knownRegions = (
				en,
			);
			mainGroup = B22AAC2A1828B02B00772FDD;
			productRefGroup = B22AAC341828B02B00772FDD /* Products */;
			projectDirPath = "";
			projectRoot = "";
			targets = (
				B22AAC321828B02B00772FDD /* AHAL */,
				B22AAC431828B02B00772FDD /* AHALTests */,
			);
		};
/* End PBXProject section */

/* Begin PBXResourcesBuildPhase section */
		B22AAC411828B02B00772FDD /* Resources */ = {
			isa = PBXResourcesBuildPhase;
			buildActionMask = 2147483647;
			files = (
				B22AAC521828B02B00772FDD /* InfoPlist.strings in Resources */,
			);
			runOnlyForDeploymentPostprocessing = 0;
		};
/* End PBXResourcesBuildPhase section */

/* Begin PBXShellScriptBuildPhase section */
		B22AAC421828B02B00772FDD /* ShellScript */ = {
			isa = PBXShellScriptBuildPhase;
			buildActionMask = 2147483647;
			files = (
			);
			inputPaths = (
			);
			outputPaths = (
			);
			runOnlyForDeploymentPostprocessing = 0;
			shellPath = /bin/sh;
			shellScript = "# Run the unit tests in this test bundle.\n\"${SYSTEM_DEVELOPER_DIR}/Tools/RunUnitTests\"\n";
		};
/* End PBXShellScriptBuildPhase section */

/* Begin PBXSourcesBuildPhase section */
		B22AAC2F1828B02B00772FDD /* Sources */ = {
			isa = PBXSourcesBuildPhase;
			buildActionMask = 2147483647;
			files = (
				B22AAC3E1828B02B00772FDD /* AHAL.m in Sources */,
			);
			runOnlyForDeploymentPostprocessing = 0;
		};
		B22AAC3F1828B02B00772FDD /* Sources */ = {
			isa = PBXSourcesBuildPhase;
			buildActionMask = 2147483647;
			files = (
				B22AAC551828B02B00772FDD /* AHALTests.m in Sources */,
			);
			runOnlyForDeploymentPostprocessing = 0;
		};
/* End PBXSourcesBuildPhase section */

/* Begin PBXTargetDependency section */
		B22AAC4B1828B02B00772FDD /* PBXTargetDependency */ = {
			isa = PBXTargetDependency;
			target = B22AAC321828B02B00772FDD /* AHAL */;
			targetProxy = B22AAC4A1828B02B00772FDD /* PBXContainerItemProxy */;
		};
/* End PBXTargetDependency section */

/* Begin PBXVariantGroup section */
		B22AAC501828B02B00772FDD /* InfoPlist.strings */ = {
			isa = PBXVariantGroup;
			children = (
				B22AAC511828B02B00772FDD /* en */,
			);
			name = InfoPlist.strings;
			sourceTree = "<group>";
		};
/* End PBXVariantGroup section */

/* Begin XCBuildConfiguration section */
		B22AAC561828B02B00772FDD /* Debug */ = {
			isa = XCBuildConfiguration;
			buildSettings = {
				ALWAYS_SEARCH_USER_PATHS = NO;
				CLANG_CXX_LANGUAGE_STANDARD = "gnu++0x";
				CLANG_CXX_LIBRARY = "libc++";
				CLANG_ENABLE_OBJC_ARC = YES;
				CLANG_WARN_CONSTANT_CONVERSION = YES;
				CLANG_WARN_EMPTY_BODY = YES;
				CLANG_WARN_ENUM_CONVERSION = YES;
				CLANG_WARN_INT_CONVERSION = YES;
				CLANG_WARN__DUPLICATE_METHOD_MATCH = YES;
				COPY_PHASE_STRIP = NO;
				GCC_C_LANGUAGE_STANDARD = gnu99;
				GCC_DYNAMIC_NO_PIC = NO;
				GCC_OPTIMIZATION_LEVEL = 0;
				GCC_PREPROCESSOR_DEFINITIONS = (
					"DEBUG=1",
					"$(inherited)",
				);
				GCC_SYMBOLS_PRIVATE_EXTERN = NO;
				GCC_WARN_ABOUT_RETURN_TYPE = YES;
				GCC_WARN_UNINITIALIZED_AUTOS = YES;
				GCC_WARN_UNUSED_VARIABLE = YES;
				IPHONEOS_DEPLOYMENT_TARGET = 6.1;
				ONLY_ACTIVE_ARCH = YES;
				SDKROOT = iphoneos;
			};
			name = Debug;
		};
		B22AAC571828B02B00772FDD /* Release */ = {
			isa = XCBuildConfiguration;
			buildSettings = {
				ALWAYS_SEARCH_USER_PATHS = NO;
				CLANG_CXX_LANGUAGE_STANDARD = "gnu++0x";
				CLANG_CXX_LIBRARY = "libc++";
				CLANG_ENABLE_OBJC_ARC = YES;
				CLANG_WARN_CONSTANT_CONVERSION = YES;
				CLANG_WARN_EMPTY_BODY = YES;
				CLANG_WARN_ENUM_CONVERSION = YES;
				CLANG_WARN_INT_CONVERSION = YES;
				CLANG_WARN__DUPLICATE_METHOD_MATCH = YES;
				COPY_PHASE_STRIP = YES;
				GCC_C_LANGUAGE_STANDARD = gnu99;
				GCC_WARN_ABOUT_RETURN_TYPE = YES;
				GCC_WARN_UNINITIALIZED_AUTOS = YES;
				GCC_WARN_UNUSED_VARIABLE = YES;
				IPHONEOS_DEPLOYMENT_TARGET = 6.1;
				SDKROOT = iphoneos;
				VALIDATE_PRODUCT = YES;
			};
			name = Release;
		};
		B22AAC591828B02B00772FDD /* Debug */ = {
			isa = XCBuildConfiguration;
			buildSettings = {
				DSTROOT = /tmp/AHAL.dst;
				GCC_PRECOMPILE_PREFIX_HEADER = YES;
				GCC_PREFIX_HEADER = "AHAL/AHAL-Prefix.pch";
				OTHER_LDFLAGS = "-ObjC";
				PRODUCT_NAME = "$(TARGET_NAME)";
				SKIP_INSTALL = YES;
			};
			name = Debug;
		};
		B22AAC5A1828B02B00772FDD /* Release */ = {
			isa = XCBuildConfiguration;
			buildSettings = {
				DSTROOT = /tmp/AHAL.dst;
				GCC_PRECOMPILE_PREFIX_HEADER = YES;
				GCC_PREFIX_HEADER = "AHAL/AHAL-Prefix.pch";
				OTHER_LDFLAGS = "-ObjC";
				PRODUCT_NAME = "$(TARGET_NAME)";
				SKIP_INSTALL = YES;
			};
			name = Release;
		};
		B22AAC5C1828B02B00772FDD /* Debug */ = {
			isa = XCBuildConfiguration;
			buildSettings = {
				FRAMEWORK_SEARCH_PATHS = (
					"\"$(SDKROOT)/Developer/Library/Frameworks\"",
					"\"$(DEVELOPER_LIBRARY_DIR)/Frameworks\"",
				);
				GCC_PRECOMPILE_PREFIX_HEADER = YES;
				GCC_PREFIX_HEADER = "AHAL/AHAL-Prefix.pch";
				INFOPLIST_FILE = "AHALTests/AHALTests-Info.plist";
				PRODUCT_NAME = "$(TARGET_NAME)";
				WRAPPER_EXTENSION = octest;
			};
			name = Debug;
		};
		B22AAC5D1828B02B00772FDD /* Release */ = {
			isa = XCBuildConfiguration;
			buildSettings = {
				FRAMEWORK_SEARCH_PATHS = (
					"\"$(SDKROOT)/Developer/Library/Frameworks\"",
					"\"$(DEVELOPER_LIBRARY_DIR)/Frameworks\"",
				);
				GCC_PRECOMPILE_PREFIX_HEADER = YES;
				GCC_PREFIX_HEADER = "AHAL/AHAL-Prefix.pch";
				INFOPLIST_FILE = "AHALTests/AHALTests-Info.plist";
				PRODUCT_NAME = "$(TARGET_NAME)";
				WRAPPER_EXTENSION = octest;
			};
			name = Release;
		};
/* End XCBuildConfiguration section */

/* Begin XCConfigurationList section */
		B22AAC2E1828B02B00772FDD /* Build configuration list for PBXProject "AHAL" */ = {
			isa = XCConfigurationList;
			buildConfigurations = (
				B22AAC561828B02B00772FDD /* Debug */,
				B22AAC571828B02B00772FDD /* Release */,
			);
			defaultConfigurationIsVisible = 0;
			defaultConfigurationName = Release;
		};
		B22AAC581828B02B00772FDD /* Build configuration list for PBXNativeTarget "AHAL" */ = {
			isa = XCConfigurationList;
			buildConfigurations = (
				B22AAC591828B02B00772FDD /* Debug */,
				B22AAC5A1828B02B00772FDD /* Release */,
			);
			defaultConfigurationIsVisible = 0;
		};
		B22AAC5B1828B02B00772FDD /* Build configuration list for PBXNativeTarget "AHALTests" */ = {
			isa = XCConfigurationList;
			buildConfigurations = (
				B22AAC5C1828B02B00772FDD /* Debug */,
				B22AAC5D1828B02B00772FDD /* Release */,
			);
			defaultConfigurationIsVisible = 0;
		};
/* End XCConfigurationList section */
	};
	rootObject = B22AAC2B1828B02B00772FDD /* Project object */;
}
